// !$*UTF8*$!
{
	archiveVersion = 1;
	classes = {
	};
	objectVersion = 50;
	objects = {

/* Begin PBXBuildFile section */
		7D80BDC42331672900B2195D /* AppDelegate.swift in Sources */ = {isa = PBXBuildFile; fileRef = 7D80BDC32331672900B2195D /* AppDelegate.swift */; };
		7D80BDC62331672900B2195D /* ViewController.swift in Sources */ = {isa = PBXBuildFile; fileRef = 7D80BDC52331672900B2195D /* ViewController.swift */; };
		7D80BDC92331672900B2195D /* Main.storyboard in Resources */ = {isa = PBXBuildFile; fileRef = 7D80BDC72331672900B2195D /* Main.storyboard */; };
		7D80BDCC2331672900B2195D /* canvas2.xcdatamodeld in Sources */ = {isa = PBXBuildFile; fileRef = 7D80BDCA2331672900B2195D /* canvas2.xcdatamodeld */; };
		7D80BDCE2331672B00B2195D /* Assets.xcassets in Resources */ = {isa = PBXBuildFile; fileRef = 7D80BDCD2331672B00B2195D /* Assets.xcassets */; };
		7D80BDD12331672B00B2195D /* LaunchScreen.storyboard in Resources */ = {isa = PBXBuildFile; fileRef = 7D80BDCF2331672B00B2195D /* LaunchScreen.storyboard */; };
/* End PBXBuildFile section */

/* Begin PBXFileReference section */
		7D80BDC02331672900B2195D /* canvas2.app */ = {isa = PBXFileReference; explicitFileType = wrapper.application; includeInIndex = 0; path = canvas2.app; sourceTree = BUILT_PRODUCTS_DIR; };
		7D80BDC32331672900B2195D /* AppDelegate.swift */ = {isa = PBXFileReference; lastKnownFileType = sourcecode.swift; path = AppDelegate.swift; sourceTree = "<group>"; };
		7D80BDC52331672900B2195D /* ViewController.swift */ = {isa = PBXFileReference; lastKnownFileType = sourcecode.swift; path = ViewController.swift; sourceTree = "<group>"; };
		7D80BDC82331672900B2195D /* Base */ = {isa = PBXFileReference; lastKnownFileType = file.storyboard; name = Base; path = Base.lproj/Main.storyboard; sourceTree = "<group>"; };
		7D80BDCB2331672900B2195D /* canvas2.xcdatamodel */ = {isa = PBXFileReference; lastKnownFileType = wrapper.xcdatamodel; path = canvas2.xcdatamodel; sourceTree = "<group>"; };
		7D80BDCD2331672B00B2195D /* Assets.xcassets */ = {isa = PBXFileReference; lastKnownFileType = folder.assetcatalog; path = Assets.xcassets; sourceTree = "<group>"; };
		7D80BDD02331672B00B2195D /* Base */ = {isa = PBXFileReference; lastKnownFileType = file.storyboard; name = Base; path = Base.lproj/LaunchScreen.storyboard; sourceTree = "<group>"; };
		7D80BDD22331672B00B2195D /* Info.plist */ = {isa = PBXFileReference; lastKnownFileType = text.plist.xml; path = Info.plist; sourceTree = "<group>"; };
/* End PBXFileReference section */

/* Begin PBXFrameworksBuildPhase section */
		7D80BDBD2331672900B2195D /* Frameworks */ = {
			isa = PBXFrameworksBuildPhase;
			buildActionMask = 2147483647;
			files = (
			);
			runOnlyForDeploymentPostprocessing = 0;
		};
/* End PBXFrameworksBuildPhase section */

/* Begin PBXGroup section */
		7D80BDB72331672900B2195D = {
			isa = PBXGroup;
			children = (
				7D80BDC22331672900B2195D /* canvas2 */,
				7D80BDC12331672900B2195D /* Products */,
			);
			sourceTree = "<group>";
		};
		7D80BDC12331672900B2195D /* Products */ = {
			isa = PBXGroup;
			children = (
				7D80BDC02331672900B2195D /* canvas2.app */,
			);
			name = Products;
			sourceTree = "<group>";
		};
		7D80BDC22331672900B2195D /* canvas2 */ = {
			isa = PBXGroup;
			children = (
				7D80BDC32331672900B2195D /* AppDelegate.swift */,
				7D80BDC52331672900B2195D /* ViewController.swift */,
				7D80BDC72331672900B2195D /* Main.storyboard */,
				7D80BDCD2331672B00B2195D /* Assets.xcassets */,
				7D80BDCF2331672B00B2195D /* LaunchScreen.storyboard */,
				7D80BDD22331672B00B2195D /* Info.plist */,
				7D80BDCA2331672900B2195D /* canvas2.xcdatamodeld */,
			);
			path = canvas2;
			sourceTree = "<group>";
		};
/* End PBXGroup section */

/* Begin PBXNativeTarget section */
		7D80BDBF2331672900B2195D /* canvas2 */ = {
			isa = PBXNativeTarget;
			buildConfigurationList = 7D80BDD52331672B00B2195D /* Build configuration list for PBXNativeTarget "canvas2" */;
			buildPhases = (
				7D80BDBC2331672900B2195D /* Sources */,
				7D80BDBD2331672900B2195D /* Frameworks */,
				7D80BDBE2331672900B2195D /* Resources */,
			);
			buildRules = (
			);
			dependencies = (
			);
			name = canvas2;
			productName = canvas2;
			productReference = 7D80BDC02331672900B2195D /* canvas2.app */;
			productType = "com.apple.product-type.application";
		};
/* End PBXNativeTarget section */

/* Begin PBXProject section */
		7D80BDB82331672900B2195D /* Project object */ = {
			isa = PBXProject;
			attributes = {
				LastSwiftUpdateCheck = 1030;
				LastUpgradeCheck = 1030;
				ORGANIZATIONNAME = mbtec22;
				TargetAttributes = {
					7D80BDBF2331672900B2195D = {
						CreatedOnToolsVersion = 10.3;
					};
				};
			};
			buildConfigurationList = 7D80BDBB2331672900B2195D /* Build configuration list for PBXProject "canvas2" */;
			compatibilityVersion = "Xcode 9.3";
			developmentRegion = en;
			hasScannedForEncodings = 0;
			knownRegions = (
				en,
				Base,
			);
			mainGroup = 7D80BDB72331672900B2195D;
			productRefGroup = 7D80BDC12331672900B2195D /* Products */;
			projectDirPath = "";
			projectRoot = "";
			targets = (
				7D80BDBF2331672900B2195D /* canvas2 */,
			);
		};
/* End PBXProject section */

/* Begin PBXResourcesBuildPhase section */
		7D80BDBE2331672900B2195D /* Resources */ = {
			isa = PBXResourcesBuildPhase;
			buildActionMask = 2147483647;
			files = (
				7D80BDD12331672B00B2195D /* LaunchScreen.storyboard in Resources */,
				7D80BDCE2331672B00B2195D /* Assets.xcassets in Resources */,
				7D80BDC92331672900B2195D /* Main.storyboard in Resources */,
			);
			runOnlyForDeploymentPostprocessing = 0;
		};
/* End PBXResourcesBuildPhase section */

/* Begin PBXSourcesBuildPhase section */
		7D80BDBC2331672900B2195D /* Sources */ = {
			isa = PBXSourcesBuildPhase;
			buildActionMask = 2147483647;
			files = (
				7D80BDCC2331672900B2195D /* canvas2.xcdatamodeld in Sources */,
				7D80BDC62331672900B2195D /* ViewController.swift in Sources */,
				7D80BDC42331672900B2195D /* AppDelegate.swift in Sources */,
			);
			runOnlyForDeploymentPostprocessing = 0;
		};
/* End PBXSourcesBuildPhase section */

/* Begin PBXVariantGroup section */
		7D80BDC72331672900B2195D /* Main.storyboard */ = {
			isa = PBXVariantGroup;
			children = (
				7D80BDC82331672900B2195D /* Base */,
			);
			name = Main.storyboard;
			sourceTree = "<group>";
		};
		7D80BDCF2331672B00B2195D /* LaunchScreen.storyboard */ = {
			isa = PBXVariantGroup;
			children = (
				7D80BDD02331672B00B2195D /* Base */,
			);
			name = LaunchScreen.storyboard;
			sourceTree = "<group>";
		};
/* End PBXVariantGroup section */

/* Begin XCBuildConfiguration section */
		7D80BDD32331672B00B2195D /* Debug */ = {
			isa = XCBuildConfiguration;
			buildSettings = {
				ALWAYS_SEARCH_USER_PATHS = NO;
				CLANG_ANALYZER_NONNULL = YES;
				CLANG_ANALYZER_NUMBER_OBJECT_CONVERSION = YES_AGGRESSIVE;
				CLANG_CXX_LANGUAGE_STANDARD = "gnu++14";
				CLANG_CXX_LIBRARY = "libc++";
				CLANG_ENABLE_MODULES = YES;
				CLANG_ENABLE_OBJC_ARC = YES;
				CLANG_ENABLE_OBJC_WEAK = YES;
				CLANG_WARN_BLOCK_CAPTURE_AUTORELEASING = YES;
				CLANG_WARN_BOOL_CONVERSION = YES;
				CLANG_WARN_COMMA = YES;
				CLANG_WARN_CONSTANT_CONVERSION = YES;
				CLANG_WARN_DEPRECATED_OBJC_IMPLEMENTATIONS = YES;
				CLANG_WARN_DIRECT_OBJC_ISA_USAGE = YES_ERROR;
				CLANG_WARN_DOCUMENTATION_COMMENTS = YES;
				CLANG_WARN_EMPTY_BODY = YES;
				CLANG_WARN_ENUM_CONVERSION = YES;
				CLANG_WARN_INFINITE_RECURSION = YES;
				CLANG_WARN_INT_CONVERSION = YES;
				CLANG_WARN_NON_LITERAL_NULL_CONVERSION = YES;
				CLANG_WARN_OBJC_IMPLICIT_RETAIN_SELF = YES;
				CLANG_WARN_OBJC_LITERAL_CONVERSION = YES;
				CLANG_WARN_OBJC_ROOT_CLASS = YES_ERROR;
				CLANG_WARN_RANGE_LOOP_ANALYSIS = YES;
				CLANG_WARN_STRICT_PROTOTYPES = YES;
				CLANG_WARN_SUSPICIOUS_MOVE = YES;
				CLANG_WARN_UNGUARDED_AVAILABILITY = YES_AGGRESSIVE;
				CLANG_WARN_UNREACHABLE_CODE = YES;
				CLANG_WARN__DUPLICATE_METHOD_MATCH = YES;
				CODE_SIGN_IDENTITY = "iPhone Developer";
				COPY_PHASE_STRIP = NO;
				DEBUG_INFORMATION_FORMAT = dwarf;
				ENABLE_STRICT_OBJC_MSGSEND = YES;
				ENABLE_TESTABILITY = YES;
				GCC_C_LANGUAGE_STANDARD = gnu11;
				GCC_DYNAMIC_NO_PIC = NO;
				GCC_NO_COMMON_BLOCKS = YES;
				GCC_OPTIMIZATION_LEVEL = 0;
				GCC_PREPROCESSOR_DEFINITIONS = (
					"DEBUG=1",
					"$(inherited)",
				);
				GCC_WARN_64_TO_32_BIT_CONVERSION = YES;
				GCC_WARN_ABOUT_RETURN_TYPE = YES_ERROR;
				GCC_WARN_UNDECLARED_SELECTOR = YES;
				GCC_WARN_UNINITIALIZED_AUTOS = YES_AGGRESSIVE;
				GCC_WARN_UNUSED_FUNCTION = YES;
				GCC_WARN_UNUSED_VARIABLE = YES;
				IPHONEOS_DEPLOYMENT_TARGET = 12.4;
				MTL_ENABLE_DEBUG_INFO = INCLUDE_SOURCE;
				MTL_FAST_MATH = YES;
				ONLY_ACTIVE_ARCH = YES;
				SDKROOT = iphoneos;
				SWIFT_ACTIVE_COMPILATION_CONDITIONS = DEBUG;
				SWIFT_OPTIMIZATION_LEVEL = "-Onone";
			};
			name = Debug;
		};
		7D80BDD42331672B00B2195D /* Release */ = {
			isa = XCBuildConfiguration;
			buildSettings = {
				ALWAYS_SEARCH_USER_PATHS = NO;
				CLANG_ANALYZER_NONNULL = YES;
				CLANG_ANALYZER_NUMBER_OBJECT_CONVERSION = YES_AGGRESSIVE;
				CLANG_CXX_LANGUAGE_STANDARD = "gnu++14";
				CLANG_CXX_LIBRARY = "libc++";
				CLANG_ENABLE_MODULES = YES;
				CLANG_ENABLE_OBJC_ARC = YES;
				CLANG_ENABLE_OBJC_WEAK = YES;
				CLANG_WARN_BLOCK_CAPTURE_AUTORELEASING = YES;
				CLANG_WARN_BOOL_CONVERSION = YES;
				CLANG_WARN_COMMA = YES;
				CLANG_WARN_CONSTANT_CONVERSION = YES;
				CLANG_WARN_DEPRECATED_OBJC_IMPLEMENTATIONS = YES;
				CLANG_WARN_DIRECT_OBJC_ISA_USAGE = YES_ERROR;
				CLANG_WARN_DOCUMENTATION_COMMENTS = YES;
				CLANG_WARN_EMPTY_BODY = YES;
				CLANG_WARN_ENUM_CONVERSION = YES;
				CLANG_WARN_INFINITE_RECURSION = YES;
				CLANG_WARN_INT_CONVERSION = YES;
				CLANG_WARN_NON_LITERAL_NULL_CONVERSION = YES;
				CLANG_WARN_OBJC_IMPLICIT_RETAIN_SELF = YES;
				CLANG_WARN_OBJC_LITERAL_CONVERSION = YES;
				CLANG_WARN_OBJC_ROOT_CLASS = YES_ERROR;
				CLANG_WARN_RANGE_LOOP_ANALYSIS = YES;
				CLANG_WARN_STRICT_PROTOTYPES = YES;
				CLANG_WARN_SUSPICIOUS_MOVE = YES;
				CLANG_WARN_UNGUARDED_AVAILABILITY = YES_AGGRESSIVE;
				CLANG_WARN_UNREACHABLE_CODE = YES;
				CLANG_WARN__DUPLICATE_METHOD_MATCH = YES;
				CODE_SIGN_IDENTITY = "iPhone Developer";
				COPY_PHASE_STRIP = NO;
				DEBUG_INFORMATION_FORMAT = "dwarf-with-dsym";
				ENABLE_NS_ASSERTIONS = NO;
				ENABLE_STRICT_OBJC_MSGSEND = YES;
				GCC_C_LANGUAGE_STANDARD = gnu11;
				GCC_NO_COMMON_BLOCKS = YES;
				GCC_WARN_64_TO_32_BIT_CONVERSION = YES;
				GCC_WARN_ABOUT_RETURN_TYPE = YES_ERROR;
				GCC_WARN_UNDECLARED_SELECTOR = YES;
				GCC_WARN_UNINITIALIZED_AUTOS = YES_AGGRESSIVE;
				GCC_WARN_UNUSED_FUNCTION = YES;
				GCC_WARN_UNUSED_VARIABLE = YES;
				IPHONEOS_DEPLOYMENT_TARGET = 12.4;
				MTL_ENABLE_DEBUG_INFO = NO;
				MTL_FAST_MATH = YES;
				SDKROOT = iphoneos;
				SWIFT_COMPILATION_MODE = wholemodule;
				SWIFT_OPTIMIZATION_LEVEL = "-O";
				VALIDATE_PRODUCT = YES;
			};
			name = Release;
		};
		7D80BDD62331672B00B2195D /* Debug */ = {
			isa = XCBuildConfiguration;
			buildSettings = {
				ASSETCATALOG_COMPILER_APPICON_NAME = AppIcon;
				CODE_SIGN_STYLE = Automatic;
				DEVELOPMENT_TEAM = YVU7XFPVDJ;
				INFOPLIST_FILE = canvas2/Info.plist;
				LD_RUNPATH_SEARCH_PATHS = (
					"$(inherited)",
					"@executable_path/Frameworks",
				);
				PRODUCT_BUNDLE_IDENTIFIER = com.canvas2;
				PRODUCT_NAME = "$(TARGET_NAME)";
				SWIFT_VERSION = 5.0;
				TARGETED_DEVICE_FAMILY = "1,2";
			};
			name = Debug;
		};
		7D80BDD72331672B00B2195D /* Release */ = {
			isa = XCBuildConfiguration;
			buildSettings = {
				ASSETCATALOG_COMPILER_APPICON_NAME = AppIcon;
				CODE_SIGN_STYLE = Automatic;
				DEVELOPMENT_TEAM = YVU7XFPVDJ;
				INFOPLIST_FILE = canvas2/Info.plist;
				LD_RUNPATH_SEARCH_PATHS = (
					"$(inherited)",
					"@executable_path/Frameworks",
				);
				PRODUCT_BUNDLE_IDENTIFIER = com.canvas2;
				PRODUCT_NAME = "$(TARGET_NAME)";
				SWIFT_VERSION = 5.0;
				TARGETED_DEVICE_FAMILY = "1,2";
			};
			name = Release;
		};
/* End XCBuildConfiguration section */

/* Begin XCConfigurationList section */
		7D80BDBB2331672900B2195D /* Build configuration list for PBXProject "canvas2" */ = {
			isa = XCConfigurationList;
			buildConfigurations = (
				7D80BDD32331672B00B2195D /* Debug */,
				7D80BDD42331672B00B2195D /* Release */,
			);
			defaultConfigurationIsVisible = 0;
			defaultConfigurationName = Release;
		};
		7D80BDD52331672B00B2195D /* Build configuration list for PBXNativeTarget "canvas2" */ = {
			isa = XCConfigurationList;
			buildConfigurations = (
				7D80BDD62331672B00B2195D /* Debug */,
				7D80BDD72331672B00B2195D /* Release */,
			);
			defaultConfigurationIsVisible = 0;
			defaultConfigurationName = Release;
		};
/* End XCConfigurationList section */

/* Begin XCVersionGroup section */
		7D80BDCA2331672900B2195D /* canvas2.xcdatamodeld */ = {
			isa = XCVersionGroup;
			children = (
				7D80BDCB2331672900B2195D /* canvas2.xcdatamodel */,
			);
			currentVersion = 7D80BDCB2331672900B2195D /* canvas2.xcdatamodel */;
			path = canvas2.xcdatamodeld;
			sourceTree = "<group>";
			versionGroupType = wrapper.xcdatamodel;
		};
/* End XCVersionGroup section */
	};
	rootObject = 7D80BDB82331672900B2195D /* Project object */;
}
